
Microsoft Visual Studio Solution File, Format Version 12.00
# Visual Studio Version 17
VisualStudioVersion = 17.2.32616.157
MinimumVisualStudioVersion = 10.0.40219.1
Project("{9A19103F-16F7-4668-BE54-9A1E7A4F7556}") = "Demo.AllFeatures", "Demo.AllFeatures\Demo.AllFeatures.csproj", "{160D83E3-34B4-46EC-8864-D51998639893}"
EndProject
Project("{FAE04EC0-301F-11D3-BF4B-00C04F79EFBC}") = "Demo.AllFeatures2", "Demo.AllFeatures2\Demo.AllFeatures2.csproj", "{972EB0FA-276C-4C11-947C-9DAA843533E2}"
EndProject
Global
	GlobalSection(SolutionConfigurationPlatforms) = preSolution
		Debug|Any CPU = Debug|Any CPU
		Release|Any CPU = Release|Any CPU
	EndGlobalSection
	GlobalSection(ProjectConfigurationPlatforms) = postSolution
		{160D83E3-34B4-46EC-8864-D51998639893}.Debug|Any CPU.ActiveCfg = Debug|Any CPU
		{160D83E3-34B4-46EC-8864-D51998639893}.Debug|Any CPU.Build.0 = Debug|Any CPU
		{160D83E3-34B4-46EC-8864-D51998639893}.Release|Any CPU.ActiveCfg = Release|Any CPU
		{160D83E3-34B4-46EC-8864-D51998639893}.Release|Any CPU.Build.0 = Release|Any CPU
		{972EB0FA-276C-4C11-947C-9DAA843533E2}.Debug|Any CPU.ActiveCfg = Debug|Any CPU
		{972EB0FA-276C-4C11-947C-9DAA843533E2}.Debug|Any CPU.Build.0 = Debug|Any CPU
		{972EB0FA-276C-4C11-947C-9DAA843533E2}.Release|Any CPU.ActiveCfg = Release|Any CPU
		{972EB0FA-276C-4C11-947C-9DAA843533E2}.Release|Any CPU.Build.0 = Release|Any CPU
	EndGlobalSection
	GlobalSection(SolutionProperties) = preSolution
		HideSolutionNode = FALSE
	EndGlobalSection
	GlobalSection(ExtensibilityGlobals) = postSolution
		SolutionGuid = {42C4DD22-D3FF-43AE-B584-DC1CC73B85A0}
	EndGlobalSection
EndGlobal
